
Microsoft Visual Studio Solution File, Format Version 12.00
# Visual Studio Version 17
VisualStudioVersion = 17.13.35806.99
MinimumVisualStudioVersion = 10.0.40219.1
Project("{FAE04EC0-301F-11D3-BF4B-00C04F79EFBC}") = "carsurance", "Car-net\carsurance.csproj", "{91264079-9301-4A64-84F2-4E0FC7E805A9}"
EndProject
Global
	GlobalSection(SolutionConfigurationPlatforms) = preSolution
		Debug|Any CPU = Debug|Any CPU
		Release|Any CPU = Release|Any CPU
	EndGlobalSection
	GlobalSection(ProjectConfigurationPlatforms) = postSolution
		{91264079-9301-4A64-84F2-4E0FC7E805A9}.Debug|Any CPU.ActiveCfg = Debug|Any CPU
		{91264079-9301-4A64-84F2-4E0FC7E805A9}.Debug|Any CPU.Build.0 = Debug|Any CPU
		{91264079-9301-4A64-84F2-4E0FC7E805A9}.Release|Any CPU.ActiveCfg = Release|Any CPU
		{91264079-9301-4A64-84F2-4E0FC7E805A9}.Release|Any CPU.Build.0 = Release|Any CPU
	EndGlobalSection
	GlobalSection(SolutionProperties) = preSolution
		HideSolutionNode = FALSE
	EndGlobalSection
	GlobalSection(ExtensibilityGlobals) = postSolution
		SolutionGuid = {34749FEB-AD1A-4637-84BF-48B72563C61F}
	EndGlobalSection
EndGlobal
